// !$*UTF8*$!
{
	archiveVersion = 1;
	classes = {
	};
	objectVersion = 56;
	objects = {

/* Begin PBXBuildFile section */
		CE10ACB52C70847A008E6626 /* SportNewsApp.swift in Sources */ = {isa = PBXBuildFile; fileRef = CE10ACB42C70847A008E6626 /* SportNewsApp.swift */; };
		CE10ACB72C70847A008E6626 /* ContentView.swift in Sources */ = {isa = PBXBuildFile; fileRef = CE10ACB62C70847A008E6626 /* ContentView.swift */; };
		CE10ACB92C70847B008E6626 /* Assets.xcassets in Resources */ = {isa = PBXBuildFile; fileRef = CE10ACB82C70847B008E6626 /* Assets.xcassets */; };
		CE10ACBC2C70847B008E6626 /* Preview Assets.xcassets in Resources */ = {isa = PBXBuildFile; fileRef = CE10ACBB2C70847B008E6626 /* Preview Assets.xcassets */; };
		CE10ACD42C709B03008E6626 /* News.swift in Sources */ = {isa = PBXBuildFile; fileRef = CE10ACD32C709B03008E6626 /* News.swift */; };
		CE10ACDC2C70ADC8008E6626 /* NewsRowView.swift in Sources */ = {isa = PBXBuildFile; fileRef = CE10ACDB2C70ADC8008E6626 /* NewsRowView.swift */; };
		CE10ACDE2C70AE28008E6626 /* PreviewProvider.swift in Sources */ = {isa = PBXBuildFile; fileRef = CE10ACDD2C70AE28008E6626 /* PreviewProvider.swift */; };
		CE16D62F2C75D8E0001EE833 /* Coordinator.swift in Sources */ = {isa = PBXBuildFile; fileRef = CE16D62E2C75D8E0001EE833 /* Coordinator.swift */; };
		CE16D6312C75E1BA001EE833 /* CancelButton.swift in Sources */ = {isa = PBXBuildFile; fileRef = CE16D6302C75E1BA001EE833 /* CancelButton.swift */; };
		CE16D6332C75EC71001EE833 /* MySavedViewModel.swift in Sources */ = {isa = PBXBuildFile; fileRef = CE16D6322C75EC71001EE833 /* MySavedViewModel.swift */; };
		CE16D6372C7601F2001EE833 /* SettingViewModel.swift in Sources */ = {isa = PBXBuildFile; fileRef = CE16D6362C7601F2001EE833 /* SettingViewModel.swift */; };
		CE387E732C73DB1B004DF906 /* HapticManager.swift in Sources */ = {isa = PBXBuildFile; fileRef = CE387E722C73DB1B004DF906 /* HapticManager.swift */; };
		CE387E752C73ECD6004DF906 /* LocalFileManagerJPG.swift in Sources */ = {isa = PBXBuildFile; fileRef = CE387E742C73ECD6004DF906 /* LocalFileManagerJPG.swift */; };
		CE387E772C73ED28004DF906 /* NewsImageService.swift in Sources */ = {isa = PBXBuildFile; fileRef = CE387E762C73ED28004DF906 /* NewsImageService.swift */; };
		CE387E792C73EF84004DF906 /* NewNetworkingManager.swift in Sources */ = {isa = PBXBuildFile; fileRef = CE387E782C73EF84004DF906 /* NewNetworkingManager.swift */; };
		CE387E7B2C73F228004DF906 /* NewsImageVIewModel.swift in Sources */ = {isa = PBXBuildFile; fileRef = CE387E7A2C73F228004DF906 /* NewsImageVIewModel.swift */; };
		CE387E7D2C73F37B004DF906 /* NewsImageView.swift in Sources */ = {isa = PBXBuildFile; fileRef = CE387E7C2C73F37B004DF906 /* NewsImageView.swift */; };
		CE59CB502C70D66F008E6FCE /* CustomTabBarView.swift in Sources */ = {isa = PBXBuildFile; fileRef = CE59CB4F2C70D66F008E6FCE /* CustomTabBarView.swift */; };
		CE59CB522C70E638008E6FCE /* CustomTabBarContainerView.swift in Sources */ = {isa = PBXBuildFile; fileRef = CE59CB512C70E638008E6FCE /* CustomTabBarContainerView.swift */; };
		CE59CB542C70EAA4008E6FCE /* TabBarItemsPreferenceKey.swift in Sources */ = {isa = PBXBuildFile; fileRef = CE59CB532C70EAA4008E6FCE /* TabBarItemsPreferenceKey.swift */; };
		CE59CB562C70EEF0008E6FCE /* TabBarItem.swift in Sources */ = {isa = PBXBuildFile; fileRef = CE59CB552C70EEF0008E6FCE /* TabBarItem.swift */; };
		CE5C84052C710CA20098D0F0 /* MySavedView.swift in Sources */ = {isa = PBXBuildFile; fileRef = CE5C84042C710CA20098D0F0 /* MySavedView.swift */; };
		CE5C84072C710CB40098D0F0 /* MySavedRowsView.swift in Sources */ = {isa = PBXBuildFile; fileRef = CE5C84062C710CB40098D0F0 /* MySavedRowsView.swift */; };
		CE5C84092C710F750098D0F0 /* SearchButton.swift in Sources */ = {isa = PBXBuildFile; fileRef = CE5C84082C710F750098D0F0 /* SearchButton.swift */; };
		CE5C840B2C710F940098D0F0 /* SaveButton.swift in Sources */ = {isa = PBXBuildFile; fileRef = CE5C840A2C710F940098D0F0 /* SaveButton.swift */; };
		CE5C840D2C710FD70098D0F0 /* GoToSourceButton.swift in Sources */ = {isa = PBXBuildFile; fileRef = CE5C840C2C710FD70098D0F0 /* GoToSourceButton.swift */; };
		CE5C840F2C7112D30098D0F0 /* ShareButton.swift in Sources */ = {isa = PBXBuildFile; fileRef = CE5C840E2C7112D30098D0F0 /* ShareButton.swift */; };
		CE5C84112C7116020098D0F0 /* ReloadButton.swift in Sources */ = {isa = PBXBuildFile; fileRef = CE5C84102C7116020098D0F0 /* ReloadButton.swift */; };
		CEBBE8DA2C73655A009CBED4 /* Category.swift in Sources */ = {isa = PBXBuildFile; fileRef = CEBBE8D92C73655A009CBED4 /* Category.swift */; };
		CEBBE8DC2C736602009CBED4 /* CategoryRowCell.swift in Sources */ = {isa = PBXBuildFile; fileRef = CEBBE8DB2C736602009CBED4 /* CategoryRowCell.swift */; };
		CED22B882C737D9A009099B3 /* SettingView.swift in Sources */ = {isa = PBXBuildFile; fileRef = CED22B872C737D9A009099B3 /* SettingView.swift */; };
		CED22B8A2C7391FF009099B3 /* MySavedCategory.swift in Sources */ = {isa = PBXBuildFile; fileRef = CED22B892C7391FF009099B3 /* MySavedCategory.swift */; };
		CED22B8C2C7394BE009099B3 /* ClearButton.swift in Sources */ = {isa = PBXBuildFile; fileRef = CED22B8B2C7394BE009099B3 /* ClearButton.swift */; };
		CED22B932C73A26E009099B3 /* LocalFileManager.swift in Sources */ = {isa = PBXBuildFile; fileRef = CED22B922C73A26E009099B3 /* LocalFileManager.swift */; };
		CED22B972C73ACAC009099B3 /* NewsAPIDataModel.swift in Sources */ = {isa = PBXBuildFile; fileRef = CED22B962C73ACAC009099B3 /* NewsAPIDataModel.swift */; };
		CEE515612C7528FD00DB1D9D /* SearchTabBarView.swift in Sources */ = {isa = PBXBuildFile; fileRef = CEE515602C7528FD00DB1D9D /* SearchTabBarView.swift */; };
		CEE515632C752C3C00DB1D9D /* UIApplication.swift in Sources */ = {isa = PBXBuildFile; fileRef = CEE515622C752C3C00DB1D9D /* UIApplication.swift */; };
		CEE515652C7532F600DB1D9D /* NewsViewModel.swift in Sources */ = {isa = PBXBuildFile; fileRef = CEE515642C7532F600DB1D9D /* NewsViewModel.swift */; };
/* End PBXBuildFile section */

/* Begin PBXFileReference section */
		CE10ACB12C70847A008E6626 /* SportNews.app */ = {isa = PBXFileReference; explicitFileType = wrapper.application; includeInIndex = 0; path = SportNews.app; sourceTree = BUILT_PRODUCTS_DIR; };
		CE10ACB42C70847A008E6626 /* SportNewsApp.swift */ = {isa = PBXFileReference; lastKnownFileType = sourcecode.swift; path = SportNewsApp.swift; sourceTree = "<group>"; };
		CE10ACB62C70847A008E6626 /* ContentView.swift */ = {isa = PBXFileReference; lastKnownFileType = sourcecode.swift; path = ContentView.swift; sourceTree = "<group>"; };
		CE10ACB82C70847B008E6626 /* Assets.xcassets */ = {isa = PBXFileReference; lastKnownFileType = folder.assetcatalog; path = Assets.xcassets; sourceTree = "<group>"; };
		CE10ACBB2C70847B008E6626 /* Preview Assets.xcassets */ = {isa = PBXFileReference; lastKnownFileType = folder.assetcatalog; path = "Preview Assets.xcassets"; sourceTree = "<group>"; };
		CE10ACD32C709B03008E6626 /* News.swift */ = {isa = PBXFileReference; lastKnownFileType = sourcecode.swift; path = News.swift; sourceTree = "<group>"; };
		CE10ACDB2C70ADC8008E6626 /* NewsRowView.swift */ = {isa = PBXFileReference; lastKnownFileType = sourcecode.swift; path = NewsRowView.swift; sourceTree = "<group>"; };
		CE10ACDD2C70AE28008E6626 /* PreviewProvider.swift */ = {isa = PBXFileReference; lastKnownFileType = sourcecode.swift; path = PreviewProvider.swift; sourceTree = "<group>"; };
		CE16D62E2C75D8E0001EE833 /* Coordinator.swift */ = {isa = PBXFileReference; lastKnownFileType = sourcecode.swift; path = Coordinator.swift; sourceTree = "<group>"; };
		CE16D6302C75E1BA001EE833 /* CancelButton.swift */ = {isa = PBXFileReference; lastKnownFileType = sourcecode.swift; path = CancelButton.swift; sourceTree = "<group>"; };
		CE16D6322C75EC71001EE833 /* MySavedViewModel.swift */ = {isa = PBXFileReference; lastKnownFileType = sourcecode.swift; path = MySavedViewModel.swift; sourceTree = "<group>"; };
		CE16D6362C7601F2001EE833 /* SettingViewModel.swift */ = {isa = PBXFileReference; lastKnownFileType = sourcecode.swift; path = SettingViewModel.swift; sourceTree = "<group>"; };
		CE387E722C73DB1B004DF906 /* HapticManager.swift */ = {isa = PBXFileReference; lastKnownFileType = sourcecode.swift; path = HapticManager.swift; sourceTree = "<group>"; };
		CE387E742C73ECD6004DF906 /* LocalFileManagerJPG.swift */ = {isa = PBXFileReference; lastKnownFileType = sourcecode.swift; path = LocalFileManagerJPG.swift; sourceTree = "<group>"; };
		CE387E762C73ED28004DF906 /* NewsImageService.swift */ = {isa = PBXFileReference; lastKnownFileType = sourcecode.swift; path = NewsImageService.swift; sourceTree = "<group>"; };
		CE387E782C73EF84004DF906 /* NewNetworkingManager.swift */ = {isa = PBXFileReference; lastKnownFileType = sourcecode.swift; path = NewNetworkingManager.swift; sourceTree = "<group>"; };
		CE387E7A2C73F228004DF906 /* NewsImageVIewModel.swift */ = {isa = PBXFileReference; lastKnownFileType = sourcecode.swift; path = NewsImageVIewModel.swift; sourceTree = "<group>"; };
		CE387E7C2C73F37B004DF906 /* NewsImageView.swift */ = {isa = PBXFileReference; lastKnownFileType = sourcecode.swift; path = NewsImageView.swift; sourceTree = "<group>"; };
		CE59CB4F2C70D66F008E6FCE /* CustomTabBarView.swift */ = {isa = PBXFileReference; lastKnownFileType = sourcecode.swift; path = CustomTabBarView.swift; sourceTree = "<group>"; tabWidth = 4; };
		CE59CB512C70E638008E6FCE /* CustomTabBarContainerView.swift */ = {isa = PBXFileReference; lastKnownFileType = sourcecode.swift; path = CustomTabBarContainerView.swift; sourceTree = "<group>"; };
		CE59CB532C70EAA4008E6FCE /* TabBarItemsPreferenceKey.swift */ = {isa = PBXFileReference; lastKnownFileType = sourcecode.swift; path = TabBarItemsPreferenceKey.swift; sourceTree = "<group>"; };
		CE59CB552C70EEF0008E6FCE /* TabBarItem.swift */ = {isa = PBXFileReference; lastKnownFileType = sourcecode.swift; path = TabBarItem.swift; sourceTree = "<group>"; };
		CE5C84042C710CA20098D0F0 /* MySavedView.swift */ = {isa = PBXFileReference; lastKnownFileType = sourcecode.swift; path = MySavedView.swift; sourceTree = "<group>"; };
		CE5C84062C710CB40098D0F0 /* MySavedRowsView.swift */ = {isa = PBXFileReference; lastKnownFileType = sourcecode.swift; path = MySavedRowsView.swift; sourceTree = "<group>"; };
		CE5C84082C710F750098D0F0 /* SearchButton.swift */ = {isa = PBXFileReference; lastKnownFileType = sourcecode.swift; path = SearchButton.swift; sourceTree = "<group>"; };
		CE5C840A2C710F940098D0F0 /* SaveButton.swift */ = {isa = PBXFileReference; lastKnownFileType = sourcecode.swift; path = SaveButton.swift; sourceTree = "<group>"; };
		CE5C840C2C710FD70098D0F0 /* GoToSourceButton.swift */ = {isa = PBXFileReference; lastKnownFileType = sourcecode.swift; path = GoToSourceButton.swift; sourceTree = "<group>"; };
		CE5C840E2C7112D30098D0F0 /* ShareButton.swift */ = {isa = PBXFileReference; lastKnownFileType = sourcecode.swift; path = ShareButton.swift; sourceTree = "<group>"; };
		CE5C84102C7116020098D0F0 /* ReloadButton.swift */ = {isa = PBXFileReference; lastKnownFileType = sourcecode.swift; path = ReloadButton.swift; sourceTree = "<group>"; };
		CEBBE8D92C73655A009CBED4 /* Category.swift */ = {isa = PBXFileReference; lastKnownFileType = sourcecode.swift; path = Category.swift; sourceTree = "<group>"; };
		CEBBE8DB2C736602009CBED4 /* CategoryRowCell.swift */ = {isa = PBXFileReference; lastKnownFileType = sourcecode.swift; path = CategoryRowCell.swift; sourceTree = "<group>"; };
		CED22B872C737D9A009099B3 /* SettingView.swift */ = {isa = PBXFileReference; lastKnownFileType = sourcecode.swift; path = SettingView.swift; sourceTree = "<group>"; };
		CED22B892C7391FF009099B3 /* MySavedCategory.swift */ = {isa = PBXFileReference; lastKnownFileType = sourcecode.swift; path = MySavedCategory.swift; sourceTree = "<group>"; };
		CED22B8B2C7394BE009099B3 /* ClearButton.swift */ = {isa = PBXFileReference; lastKnownFileType = sourcecode.swift; path = ClearButton.swift; sourceTree = "<group>"; };
		CED22B922C73A26E009099B3 /* LocalFileManager.swift */ = {isa = PBXFileReference; lastKnownFileType = sourcecode.swift; path = LocalFileManager.swift; sourceTree = "<group>"; };
		CED22B962C73ACAC009099B3 /* NewsAPIDataModel.swift */ = {isa = PBXFileReference; lastKnownFileType = sourcecode.swift; path = NewsAPIDataModel.swift; sourceTree = "<group>"; };
		CEE515602C7528FD00DB1D9D /* SearchTabBarView.swift */ = {isa = PBXFileReference; lastKnownFileType = sourcecode.swift; path = SearchTabBarView.swift; sourceTree = "<group>"; };
		CEE515622C752C3C00DB1D9D /* UIApplication.swift */ = {isa = PBXFileReference; lastKnownFileType = sourcecode.swift; path = UIApplication.swift; sourceTree = "<group>"; };
		CEE515642C7532F600DB1D9D /* NewsViewModel.swift */ = {isa = PBXFileReference; lastKnownFileType = sourcecode.swift; path = NewsViewModel.swift; sourceTree = "<group>"; };
/* End PBXFileReference section */

/* Begin PBXFrameworksBuildPhase section */
		CE10ACAE2C70847A008E6626 /* Frameworks */ = {
			isa = PBXFrameworksBuildPhase;
			buildActionMask = 2147483647;
			files = (
			);
			runOnlyForDeploymentPostprocessing = 0;
		};
/* End PBXFrameworksBuildPhase section */

/* Begin PBXGroup section */
		CE10ACA82C70847A008E6626 = {
			isa = PBXGroup;
			children = (
				CE10ACB32C70847A008E6626 /* SportNews */,
				CE10ACB22C70847A008E6626 /* Products */,
			);
			sourceTree = "<group>";
		};
		CE10ACB22C70847A008E6626 /* Products */ = {
			isa = PBXGroup;
			children = (
				CE10ACB12C70847A008E6626 /* SportNews.app */,
			);
			name = Products;
			sourceTree = "<group>";
		};
		CE10ACB32C70847A008E6626 /* SportNews */ = {
			isa = PBXGroup;
			children = (
				CE10ACB42C70847A008E6626 /* SportNewsApp.swift */,
				CE10ACB62C70847A008E6626 /* ContentView.swift */,
				CE10ACC22C70848C008E6626 /* Extensions */,
				CE10ACC42C7084A2008E6626 /* Models */,
				CE10ACC52C7084A6008E6626 /* Services */,
				CE10ACC62C7084B0008E6626 /* Utilities */,
				CE10ACC32C70849D008E6626 /* Core */,
				CE10ACB82C70847B008E6626 /* Assets.xcassets */,
				CE10ACBA2C70847B008E6626 /* Preview Content */,
			);
			path = SportNews;
			sourceTree = "<group>";
		};
		CE10ACBA2C70847B008E6626 /* Preview Content */ = {
			isa = PBXGroup;
			children = (
				CE10ACBB2C70847B008E6626 /* Preview Assets.xcassets */,
			);
			path = "Preview Content";
			sourceTree = "<group>";
		};
		CE10ACC22C70848C008E6626 /* Extensions */ = {
			isa = PBXGroup;
			children = (
				CE10ACDD2C70AE28008E6626 /* PreviewProvider.swift */,
				CEE515622C752C3C00DB1D9D /* UIApplication.swift */,
			);
			path = Extensions;
			sourceTree = "<group>";
		};
		CE10ACC32C70849D008E6626 /* Core */ = {
			isa = PBXGroup;
			children = (
				CE10ACC82C708524008E6626 /* Components */,
				CE10ACC72C7084DF008E6626 /* Launch */,
				CE10ACCA2C70853D008E6626 /* Home */,
				CE10ACC92C708535008E6626 /* Detail */,
				CE10ACCC2C708568008E6626 /* MySaved */,
				CE10ACCB2C70854C008E6626 /* Setting */,
			);
			path = Core;
			sourceTree = "<group>";
		};
		CE10ACC42C7084A2008E6626 /* Models */ = {
			isa = PBXGroup;
			children = (
				CEBBE8D92C73655A009CBED4 /* Category.swift */,
				CED22B892C7391FF009099B3 /* MySavedCategory.swift */,
				CED22B962C73ACAC009099B3 /* NewsAPIDataModel.swift */,
			);
			path = Models;
			sourceTree = "<group>";
		};
		CE10ACC52C7084A6008E6626 /* Services */ = {
			isa = PBXGroup;
			children = (
				CE16D62D2C75D8CB001EE833 /* Coordinator */,
				CE387E762C73ED28004DF906 /* NewsImageService.swift */,
			);
			path = Services;
			sourceTree = "<group>";
		};
		CE10ACC62C7084B0008E6626 /* Utilities */ = {
			isa = PBXGroup;
			children = (
				CE387E782C73EF84004DF906 /* NewNetworkingManager.swift */,
				CE387E722C73DB1B004DF906 /* HapticManager.swift */,
				CED22B922C73A26E009099B3 /* LocalFileManager.swift */,
				CE387E742C73ECD6004DF906 /* LocalFileManagerJPG.swift */,
			);
			path = Utilities;
			sourceTree = "<group>";
		};
		CE10ACC72C7084DF008E6626 /* Launch */ = {
			isa = PBXGroup;
			children = (
			);
			path = Launch;
			sourceTree = "<group>";
		};
		CE10ACC82C708524008E6626 /* Components */ = {
			isa = PBXGroup;
			children = (
				CEE5155F2C7528E500DB1D9D /* SearchTabBar */,
				CED22B8F2C73A1C9009099B3 /* ImageDownloader */,
				CE5C84082C710F750098D0F0 /* SearchButton.swift */,
				CE5C84102C7116020098D0F0 /* ReloadButton.swift */,
				CE5C840A2C710F940098D0F0 /* SaveButton.swift */,
				CE5C840C2C710FD70098D0F0 /* GoToSourceButton.swift */,
				CED22B8B2C7394BE009099B3 /* ClearButton.swift */,
				CE5C840E2C7112D30098D0F0 /* ShareButton.swift */,
				CE16D6302C75E1BA001EE833 /* CancelButton.swift */,
				CEBBE8DB2C736602009CBED4 /* CategoryRowCell.swift */,
			);
			path = Components;
			sourceTree = "<group>";
		};
		CE10ACC92C708535008E6626 /* Detail */ = {
			isa = PBXGroup;
			children = (
				CE10ACD02C7085CA008E6626 /* ViewModels */,
				CE10ACCF2C7085C4008E6626 /* Views */,
			);
			path = Detail;
			sourceTree = "<group>";
		};
		CE10ACCA2C70853D008E6626 /* Home */ = {
			isa = PBXGroup;
			children = (
				CE10ACCE2C7085AC008E6626 /* ViewModel */,
				CE10ACCD2C7085A6008E6626 /* Views */,
			);
			path = Home;
			sourceTree = "<group>";
		};
		CE10ACCB2C70854C008E6626 /* Setting */ = {
			isa = PBXGroup;
			children = (
				CED22B872C737D9A009099B3 /* SettingView.swift */,
				CE16D6362C7601F2001EE833 /* SettingViewModel.swift */,
			);
			path = Setting;
			sourceTree = "<group>";
		};
		CE10ACCC2C708568008E6626 /* MySaved */ = {
			isa = PBXGroup;
			children = (
				CE10ACD22C7085F1008E6626 /* ViewModel */,
				CE10ACD12C7085EC008E6626 /* Views */,
			);
			path = MySaved;
			sourceTree = "<group>";
		};
		CE10ACCD2C7085A6008E6626 /* Views */ = {
			isa = PBXGroup;
			children = (
				CE59CB4C2C70D60C008E6FCE /* CustomTabBar */,
				CE10ACD32C709B03008E6626 /* News.swift */,
				CE10ACDB2C70ADC8008E6626 /* NewsRowView.swift */,
			);
			path = Views;
			sourceTree = "<group>";
		};
		CE10ACCE2C7085AC008E6626 /* ViewModel */ = {
			isa = PBXGroup;
			children = (
				CEE515642C7532F600DB1D9D /* NewsViewModel.swift */,
			);
			path = ViewModel;
			sourceTree = "<group>";
		};
		CE10ACCF2C7085C4008E6626 /* Views */ = {
			isa = PBXGroup;
			children = (
			);
			path = Views;
			sourceTree = "<group>";
		};
		CE10ACD02C7085CA008E6626 /* ViewModels */ = {
			isa = PBXGroup;
			children = (
			);
			path = ViewModels;
			sourceTree = "<group>";
		};
		CE10ACD12C7085EC008E6626 /* Views */ = {
			isa = PBXGroup;
			children = (
				CE5C84042C710CA20098D0F0 /* MySavedView.swift */,
				CE5C84062C710CB40098D0F0 /* MySavedRowsView.swift */,
			);
			path = Views;
			sourceTree = "<group>";
		};
		CE10ACD22C7085F1008E6626 /* ViewModel */ = {
			isa = PBXGroup;
			children = (
				CE16D6322C75EC71001EE833 /* MySavedViewModel.swift */,
			);
			path = ViewModel;
			sourceTree = "<group>";
		};
		CE16D62D2C75D8CB001EE833 /* Coordinator */ = {
			isa = PBXGroup;
			children = (
				CE16D62E2C75D8E0001EE833 /* Coordinator.swift */,
			);
			path = Coordinator;
			sourceTree = "<group>";
		};
		CE59CB4C2C70D60C008E6FCE /* CustomTabBar */ = {
			isa = PBXGroup;
			children = (
				CE59CB4F2C70D66F008E6FCE /* CustomTabBarView.swift */,
				CE59CB512C70E638008E6FCE /* CustomTabBarContainerView.swift */,
				CE59CB552C70EEF0008E6FCE /* TabBarItem.swift */,
				CE59CB532C70EAA4008E6FCE /* TabBarItemsPreferenceKey.swift */,
			);
			path = CustomTabBar;
			sourceTree = "<group>";
		};
		CED22B8F2C73A1C9009099B3 /* ImageDownloader */ = {
			isa = PBXGroup;
			children = (
				CE387E7A2C73F228004DF906 /* NewsImageVIewModel.swift */,
				CE387E7C2C73F37B004DF906 /* NewsImageView.swift */,
			);
			path = ImageDownloader;
			sourceTree = "<group>";
		};
		CEE5155F2C7528E500DB1D9D /* SearchTabBar */ = {
			isa = PBXGroup;
			children = (
				CEE515602C7528FD00DB1D9D /* SearchTabBarView.swift */,
			);
			path = SearchTabBar;
			sourceTree = "<group>";
		};
/* End PBXGroup section */

/* Begin PBXNativeTarget section */
		CE10ACB02C70847A008E6626 /* SportNews */ = {
			isa = PBXNativeTarget;
			buildConfigurationList = CE10ACBF2C70847B008E6626 /* Build configuration list for PBXNativeTarget "SportNews" */;
			buildPhases = (
				CE10ACAD2C70847A008E6626 /* Sources */,
				CE10ACAE2C70847A008E6626 /* Frameworks */,
				CE10ACAF2C70847A008E6626 /* Resources */,
			);
			buildRules = (
			);
			dependencies = (
			);
			name = SportNews;
			productName = SportNews;
			productReference = CE10ACB12C70847A008E6626 /* SportNews.app */;
			productType = "com.apple.product-type.application";
		};
/* End PBXNativeTarget section */

/* Begin PBXProject section */
		CE10ACA92C70847A008E6626 /* Project object */ = {
			isa = PBXProject;
			attributes = {
				BuildIndependentTargetsInParallel = 1;
				LastSwiftUpdateCheck = 1530;
				LastUpgradeCheck = 1530;
				TargetAttributes = {
					CE10ACB02C70847A008E6626 = {
						CreatedOnToolsVersion = 15.3;
					};
				};
			};
			buildConfigurationList = CE10ACAC2C70847A008E6626 /* Build configuration list for PBXProject "SportNews" */;
			compatibilityVersion = "Xcode 14.0";
			developmentRegion = en;
			hasScannedForEncodings = 0;
			knownRegions = (
				en,
				Base,
			);
			mainGroup = CE10ACA82C70847A008E6626;
			productRefGroup = CE10ACB22C70847A008E6626 /* Products */;
			projectDirPath = "";
			projectRoot = "";
			targets = (
				CE10ACB02C70847A008E6626 /* SportNews */,
			);
		};
/* End PBXProject section */

/* Begin PBXResourcesBuildPhase section */
		CE10ACAF2C70847A008E6626 /* Resources */ = {
			isa = PBXResourcesBuildPhase;
			buildActionMask = 2147483647;
			files = (
				CE10ACBC2C70847B008E6626 /* Preview Assets.xcassets in Resources */,
				CE10ACB92C70847B008E6626 /* Assets.xcassets in Resources */,
			);
			runOnlyForDeploymentPostprocessing = 0;
		};
/* End PBXResourcesBuildPhase section */

/* Begin PBXSourcesBuildPhase section */
		CE10ACAD2C70847A008E6626 /* Sources */ = {
			isa = PBXSourcesBuildPhase;
			buildActionMask = 2147483647;
			files = (
				CE5C84112C7116020098D0F0 /* ReloadButton.swift in Sources */,
				CE5C84052C710CA20098D0F0 /* MySavedView.swift in Sources */,
				CE387E732C73DB1B004DF906 /* HapticManager.swift in Sources */,
				CE5C84072C710CB40098D0F0 /* MySavedRowsView.swift in Sources */,
				CE387E772C73ED28004DF906 /* NewsImageService.swift in Sources */,
				CE5C840D2C710FD70098D0F0 /* GoToSourceButton.swift in Sources */,
				CE59CB542C70EAA4008E6FCE /* TabBarItemsPreferenceKey.swift in Sources */,
				CE59CB502C70D66F008E6FCE /* CustomTabBarView.swift in Sources */,
				CEE515632C752C3C00DB1D9D /* UIApplication.swift in Sources */,
				CE387E7D2C73F37B004DF906 /* NewsImageView.swift in Sources */,
				CED22B8C2C7394BE009099B3 /* ClearButton.swift in Sources */,
				CE5C84092C710F750098D0F0 /* SearchButton.swift in Sources */,
				CE5C840B2C710F940098D0F0 /* SaveButton.swift in Sources */,
				CE387E792C73EF84004DF906 /* NewNetworkingManager.swift in Sources */,
				CE16D6312C75E1BA001EE833 /* CancelButton.swift in Sources */,
				CE16D6372C7601F2001EE833 /* SettingViewModel.swift in Sources */,
				CE16D62F2C75D8E0001EE833 /* Coordinator.swift in Sources */,
				CED22B8A2C7391FF009099B3 /* MySavedCategory.swift in Sources */,
				CE10ACDC2C70ADC8008E6626 /* NewsRowView.swift in Sources */,
				CE5C840F2C7112D30098D0F0 /* ShareButton.swift in Sources */,
				CEBBE8DA2C73655A009CBED4 /* Category.swift in Sources */,
				CEE515652C7532F600DB1D9D /* NewsViewModel.swift in Sources */,
				CE10ACD42C709B03008E6626 /* News.swift in Sources */,
				CE10ACB72C70847A008E6626 /* ContentView.swift in Sources */,
				CE59CB562C70EEF0008E6FCE /* TabBarItem.swift in Sources */,
				CE10ACDE2C70AE28008E6626 /* PreviewProvider.swift in Sources */,
				CEE515612C7528FD00DB1D9D /* SearchTabBarView.swift in Sources */,
				CED22B932C73A26E009099B3 /* LocalFileManager.swift in Sources */,
				CE16D6332C75EC71001EE833 /* MySavedViewModel.swift in Sources */,
				CE10ACB52C70847A008E6626 /* SportNewsApp.swift in Sources */,
				CED22B972C73ACAC009099B3 /* NewsAPIDataModel.swift in Sources */,
				CE59CB522C70E638008E6FCE /* CustomTabBarContainerView.swift in Sources */,
				CEBBE8DC2C736602009CBED4 /* CategoryRowCell.swift in Sources */,
				CE387E752C73ECD6004DF906 /* LocalFileManagerJPG.swift in Sources */,
				CED22B882C737D9A009099B3 /* SettingView.swift in Sources */,
				CE387E7B2C73F228004DF906 /* NewsImageVIewModel.swift in Sources */,
			);
			runOnlyForDeploymentPostprocessing = 0;
		};
/* End PBXSourcesBuildPhase section */

/* Begin XCBuildConfiguration section */
		CE10ACBD2C70847B008E6626 /* Debug */ = {
			isa = XCBuildConfiguration;
			buildSettings = {
				ALWAYS_SEARCH_USER_PATHS = NO;
				ASSETCATALOG_COMPILER_GENERATE_SWIFT_ASSET_SYMBOL_EXTENSIONS = YES;
				CLANG_ANALYZER_NONNULL = YES;
				CLANG_ANALYZER_NUMBER_OBJECT_CONVERSION = YES_AGGRESSIVE;
				CLANG_CXX_LANGUAGE_STANDARD = "gnu++20";
				CLANG_ENABLE_MODULES = YES;
				CLANG_ENABLE_OBJC_ARC = YES;
				CLANG_ENABLE_OBJC_WEAK = YES;
				CLANG_WARN_BLOCK_CAPTURE_AUTORELEASING = YES;
				CLANG_WARN_BOOL_CONVERSION = YES;
				CLANG_WARN_COMMA = YES;
				CLANG_WARN_CONSTANT_CONVERSION = YES;
				CLANG_WARN_DEPRECATED_OBJC_IMPLEMENTATIONS = YES;
				CLANG_WARN_DIRECT_OBJC_ISA_USAGE = YES_ERROR;
				CLANG_WARN_DOCUMENTATION_COMMENTS = YES;
				CLANG_WARN_EMPTY_BODY = YES;
				CLANG_WARN_ENUM_CONVERSION = YES;
				CLANG_WARN_INFINITE_RECURSION = YES;
				CLANG_WARN_INT_CONVERSION = YES;
				CLANG_WARN_NON_LITERAL_NULL_CONVERSION = YES;
				CLANG_WARN_OBJC_IMPLICIT_RETAIN_SELF = YES;
				CLANG_WARN_OBJC_LITERAL_CONVERSION = YES;
				CLANG_WARN_OBJC_ROOT_CLASS = YES_ERROR;
				CLANG_WARN_QUOTED_INCLUDE_IN_FRAMEWORK_HEADER = YES;
				CLANG_WARN_RANGE_LOOP_ANALYSIS = YES;
				CLANG_WARN_STRICT_PROTOTYPES = YES;
				CLANG_WARN_SUSPICIOUS_MOVE = YES;
				CLANG_WARN_UNGUARDED_AVAILABILITY = YES_AGGRESSIVE;
				CLANG_WARN_UNREACHABLE_CODE = YES;
				CLANG_WARN__DUPLICATE_METHOD_MATCH = YES;
				COPY_PHASE_STRIP = NO;
				DEBUG_INFORMATION_FORMAT = dwarf;
				ENABLE_STRICT_OBJC_MSGSEND = YES;
				ENABLE_TESTABILITY = YES;
				ENABLE_USER_SCRIPT_SANDBOXING = YES;
				GCC_C_LANGUAGE_STANDARD = gnu17;
				GCC_DYNAMIC_NO_PIC = NO;
				GCC_NO_COMMON_BLOCKS = YES;
				GCC_OPTIMIZATION_LEVEL = 0;
				GCC_PREPROCESSOR_DEFINITIONS = (
					"DEBUG=1",
					"$(inherited)",
				);
				GCC_WARN_64_TO_32_BIT_CONVERSION = YES;
				GCC_WARN_ABOUT_RETURN_TYPE = YES_ERROR;
				GCC_WARN_UNDECLARED_SELECTOR = YES;
				GCC_WARN_UNINITIALIZED_AUTOS = YES_AGGRESSIVE;
				GCC_WARN_UNUSED_FUNCTION = YES;
				GCC_WARN_UNUSED_VARIABLE = YES;
				IPHONEOS_DEPLOYMENT_TARGET = 17.4;
				LOCALIZATION_PREFERS_STRING_CATALOGS = YES;
				MTL_ENABLE_DEBUG_INFO = INCLUDE_SOURCE;
				MTL_FAST_MATH = YES;
				ONLY_ACTIVE_ARCH = YES;
				SDKROOT = iphoneos;
				SWIFT_ACTIVE_COMPILATION_CONDITIONS = "DEBUG $(inherited)";
				SWIFT_OPTIMIZATION_LEVEL = "-Onone";
			};
			name = Debug;
		};
		CE10ACBE2C70847B008E6626 /* Release */ = {
			isa = XCBuildConfiguration;
			buildSettings = {
				ALWAYS_SEARCH_USER_PATHS = NO;
				ASSETCATALOG_COMPILER_GENERATE_SWIFT_ASSET_SYMBOL_EXTENSIONS = YES;
				CLANG_ANALYZER_NONNULL = YES;
				CLANG_ANALYZER_NUMBER_OBJECT_CONVERSION = YES_AGGRESSIVE;
				CLANG_CXX_LANGUAGE_STANDARD = "gnu++20";
				CLANG_ENABLE_MODULES = YES;
				CLANG_ENABLE_OBJC_ARC = YES;
				CLANG_ENABLE_OBJC_WEAK = YES;
				CLANG_WARN_BLOCK_CAPTURE_AUTORELEASING = YES;
				CLANG_WARN_BOOL_CONVERSION = YES;
				CLANG_WARN_COMMA = YES;
				CLANG_WARN_CONSTANT_CONVERSION = YES;
				CLANG_WARN_DEPRECATED_OBJC_IMPLEMENTATIONS = YES;
				CLANG_WARN_DIRECT_OBJC_ISA_USAGE = YES_ERROR;
				CLANG_WARN_DOCUMENTATION_COMMENTS = YES;
				CLANG_WARN_EMPTY_BODY = YES;
				CLANG_WARN_ENUM_CONVERSION = YES;
				CLANG_WARN_INFINITE_RECURSION = YES;
				CLANG_WARN_INT_CONVERSION = YES;
				CLANG_WARN_NON_LITERAL_NULL_CONVERSION = YES;
				CLANG_WARN_OBJC_IMPLICIT_RETAIN_SELF = YES;
				CLANG_WARN_OBJC_LITERAL_CONVERSION = YES;
				CLANG_WARN_OBJC_ROOT_CLASS = YES_ERROR;
				CLANG_WARN_QUOTED_INCLUDE_IN_FRAMEWORK_HEADER = YES;
				CLANG_WARN_RANGE_LOOP_ANALYSIS = YES;
				CLANG_WARN_STRICT_PROTOTYPES = YES;
				CLANG_WARN_SUSPICIOUS_MOVE = YES;
				CLANG_WARN_UNGUARDED_AVAILABILITY = YES_AGGRESSIVE;
				CLANG_WARN_UNREACHABLE_CODE = YES;
				CLANG_WARN__DUPLICATE_METHOD_MATCH = YES;
				COPY_PHASE_STRIP = NO;
				DEBUG_INFORMATION_FORMAT = "dwarf-with-dsym";
				ENABLE_NS_ASSERTIONS = NO;
				ENABLE_STRICT_OBJC_MSGSEND = YES;
				ENABLE_USER_SCRIPT_SANDBOXING = YES;
				GCC_C_LANGUAGE_STANDARD = gnu17;
				GCC_NO_COMMON_BLOCKS = YES;
				GCC_WARN_64_TO_32_BIT_CONVERSION = YES;
				GCC_WARN_ABOUT_RETURN_TYPE = YES_ERROR;
				GCC_WARN_UNDECLARED_SELECTOR = YES;
				GCC_WARN_UNINITIALIZED_AUTOS = YES_AGGRESSIVE;
				GCC_WARN_UNUSED_FUNCTION = YES;
				GCC_WARN_UNUSED_VARIABLE = YES;
				IPHONEOS_DEPLOYMENT_TARGET = 17.4;
				LOCALIZATION_PREFERS_STRING_CATALOGS = YES;
				MTL_ENABLE_DEBUG_INFO = NO;
				MTL_FAST_MATH = YES;
				SDKROOT = iphoneos;
				SWIFT_COMPILATION_MODE = wholemodule;
				VALIDATE_PRODUCT = YES;
			};
			name = Release;
		};
		CE10ACC02C70847B008E6626 /* Debug */ = {
			isa = XCBuildConfiguration;
			buildSettings = {
				ASSETCATALOG_COMPILER_APPICON_NAME = AppIcon;
				ASSETCATALOG_COMPILER_GLOBAL_ACCENT_COLOR_NAME = AccentColor;
				CODE_SIGN_STYLE = Automatic;
				CURRENT_PROJECT_VERSION = 1;
				DEVELOPMENT_ASSET_PATHS = "\"SportNews/Preview Content\"";
				DEVELOPMENT_TEAM = 56S6D7P45J;
				ENABLE_PREVIEWS = YES;
				GENERATE_INFOPLIST_FILE = YES;
				INFOPLIST_KEY_UIApplicationSceneManifest_Generation = YES;
				INFOPLIST_KEY_UIApplicationSupportsIndirectInputEvents = YES;
				INFOPLIST_KEY_UILaunchScreen_Generation = YES;
				INFOPLIST_KEY_UISupportedInterfaceOrientations_iPad = "UIInterfaceOrientationPortrait UIInterfaceOrientationPortraitUpsideDown UIInterfaceOrientationLandscapeLeft UIInterfaceOrientationLandscapeRight";
				INFOPLIST_KEY_UISupportedInterfaceOrientations_iPhone = "UIInterfaceOrientationPortrait UIInterfaceOrientationLandscapeLeft UIInterfaceOrientationLandscapeRight";
				LD_RUNPATH_SEARCH_PATHS = (
					"$(inherited)",
					"@executable_path/Frameworks",
				);
				MARKETING_VERSION = 1.0;
				PRODUCT_BUNDLE_IDENTIFIER = michael.SportNews;
				PRODUCT_NAME = "$(TARGET_NAME)";
				SWIFT_EMIT_LOC_STRINGS = YES;
				SWIFT_VERSION = 5.0;
				TARGETED_DEVICE_FAMILY = "1,2";
			};
			name = Debug;
		};
		CE10ACC12C70847B008E6626 /* Release */ = {
			isa = XCBuildConfiguration;
			buildSettings = {
				ASSETCATALOG_COMPILER_APPICON_NAME = AppIcon;
				ASSETCATALOG_COMPILER_GLOBAL_ACCENT_COLOR_NAME = AccentColor;
				CODE_SIGN_STYLE = Automatic;
				CURRENT_PROJECT_VERSION = 1;
				DEVELOPMENT_ASSET_PATHS = "\"SportNews/Preview Content\"";
				DEVELOPMENT_TEAM = 56S6D7P45J;
				ENABLE_PREVIEWS = YES;
				GENERATE_INFOPLIST_FILE = YES;
				INFOPLIST_KEY_UIApplicationSceneManifest_Generation = YES;
				INFOPLIST_KEY_UIApplicationSupportsIndirectInputEvents = YES;
				INFOPLIST_KEY_UILaunchScreen_Generation = YES;
				INFOPLIST_KEY_UISupportedInterfaceOrientations_iPad = "UIInterfaceOrientationPortrait UIInterfaceOrientationPortraitUpsideDown UIInterfaceOrientationLandscapeLeft UIInterfaceOrientationLandscapeRight";
				INFOPLIST_KEY_UISupportedInterfaceOrientations_iPhone = "UIInterfaceOrientationPortrait UIInterfaceOrientationLandscapeLeft UIInterfaceOrientationLandscapeRight";
				LD_RUNPATH_SEARCH_PATHS = (
					"$(inherited)",
					"@executable_path/Frameworks",
				);
				MARKETING_VERSION = 1.0;
				PRODUCT_BUNDLE_IDENTIFIER = michael.SportNews;
				PRODUCT_NAME = "$(TARGET_NAME)";
				SWIFT_EMIT_LOC_STRINGS = YES;
				SWIFT_VERSION = 5.0;
				TARGETED_DEVICE_FAMILY = "1,2";
			};
			name = Release;
		};
/* End XCBuildConfiguration section */

/* Begin XCConfigurationList section */
		CE10ACAC2C70847A008E6626 /* Build configuration list for PBXProject "SportNews" */ = {
			isa = XCConfigurationList;
			buildConfigurations = (
				CE10ACBD2C70847B008E6626 /* Debug */,
				CE10ACBE2C70847B008E6626 /* Release */,
			);
			defaultConfigurationIsVisible = 0;
			defaultConfigurationName = Release;
		};
		CE10ACBF2C70847B008E6626 /* Build configuration list for PBXNativeTarget "SportNews" */ = {
			isa = XCConfigurationList;
			buildConfigurations = (
				CE10ACC02C70847B008E6626 /* Debug */,
				CE10ACC12C70847B008E6626 /* Release */,
			);
			defaultConfigurationIsVisible = 0;
			defaultConfigurationName = Release;
		};
/* End XCConfigurationList section */
	};
	rootObject = CE10ACA92C70847A008E6626 /* Project object */;
}
